
Microsoft Visual Studio Solution File, Format Version 12.00
# Visual Studio Version 17
VisualStudioVersion = 17.14.36109.1 d17.14
MinimumVisualStudioVersion = 10.0.40219.1
Project("{FAE04EC0-301F-11D3-BF4B-00C04F79EFBC}") = "Base64Functions", "Base64Functions.csproj", "{10B65D5F-230D-40A2-9019-7D80400FD75A}"
EndProject
Global
	GlobalSection(SolutionConfigurationPlatforms) = preSolution
		Debug|Any CPU = Debug|Any CPU
		Release|Any CPU = Release|Any CPU
	EndGlobalSection
	GlobalSection(ProjectConfigurationPlatforms) = postSolution
		{10B65D5F-230D-40A2-9019-7D80400FD75A}.Debug|Any CPU.ActiveCfg = Debug|Any CPU
		{10B65D5F-230D-40A2-9019-7D80400FD75A}.Debug|Any CPU.Build.0 = Debug|Any CPU
		{10B65D5F-230D-40A2-9019-7D80400FD75A}.Release|Any CPU.ActiveCfg = Release|Any CPU
		{10B65D5F-230D-40A2-9019-7D80400FD75A}.Release|Any CPU.Build.0 = Release|Any CPU
	EndGlobalSection
	GlobalSection(SolutionProperties) = preSolution
		HideSolutionNode = FALSE
	EndGlobalSection
	GlobalSection(ExtensibilityGlobals) = postSolution
		SolutionGuid = {7B295C63-39AE-49EC-803A-394A76EDE152}
	EndGlobalSection
EndGlobal
